
Microsoft Visual Studio Solution File, Format Version 12.00
# Visual Studio Version 17
VisualStudioVersion = 17.9.34723.18
MinimumVisualStudioVersion = 10.0.40219.1
Project("{9A19103F-16F7-4668-BE54-9A1E7A4F7556}") = "WebAPI", "WebAPI\WebAPI.csproj", "{F0B87074-DE35-4EA9-9237-6229538F843F}"
EndProject
Project("{2150E333-8FDC-42A3-9474-1A3956D46DE8}") = "Solution Items", "Solution Items", "{979D42B8-C11C-4A95-9C39-016497C01BF8}"
	ProjectSection(SolutionItems) = preProject
		README.md = README.md
	EndProjectSection
EndProject
Project("{2150E333-8FDC-42A3-9474-1A3956D46DE8}") = "Diagrams", "Diagrams", "{F98D7C53-2961-4F2F-BE4F-043F52C272EA}"
	ProjectSection(SolutionItems) = preProject
		Diagrams\TierDiagram.png = Diagrams\TierDiagram.png
	EndProjectSection
EndProject
Global
	GlobalSection(SolutionConfigurationPlatforms) = preSolution
		Debug|Any CPU = Debug|Any CPU
		Release|Any CPU = Release|Any CPU
	EndGlobalSection
	GlobalSection(ProjectConfigurationPlatforms) = postSolution
		{F0B87074-DE35-4EA9-9237-6229538F843F}.Debug|Any CPU.ActiveCfg = Debug|Any CPU
		{F0B87074-DE35-4EA9-9237-6229538F843F}.Debug|Any CPU.Build.0 = Debug|Any CPU
		{F0B87074-DE35-4EA9-9237-6229538F843F}.Release|Any CPU.ActiveCfg = Release|Any CPU
		{F0B87074-DE35-4EA9-9237-6229538F843F}.Release|Any CPU.Build.0 = Release|Any CPU
	EndGlobalSection
	GlobalSection(SolutionProperties) = preSolution
		HideSolutionNode = FALSE
	EndGlobalSection
	GlobalSection(ExtensibilityGlobals) = postSolution
		SolutionGuid = {6AAB7376-6563-4A53-82E6-680C3FC16BEB}
	EndGlobalSection
EndGlobal
